
Microsoft Visual Studio Solution File, Format Version 11.00
# Visual Studio 2010
Project("{FAE04EC0-301F-11D3-BF4B-00C04F79EFBC}") = "ProductFinder", "ProductFinder\ProductFinder.csproj", "{35C106D6-A10E-4DD4-B9CF-AAD658E66A9D}"
EndProject
Project("{FAE04EC0-301F-11D3-BF4B-00C04F79EFBC}") = "Newtonsoft.Json.MonoTouch", "External\Newtonsoft.Json\Newtonsoft.Json\Newtonsoft.Json.MonoTouch.csproj", "{12448CD5-D860-4C1C-8B9F-139F3794B9BC}"
EndProject
Global
	GlobalSection(SolutionConfigurationPlatforms) = preSolution
		Debug|iPhoneSimulator = Debug|iPhoneSimulator
		Release|iPhoneSimulator = Release|iPhoneSimulator
		Debug|iPhone = Debug|iPhone
		Release|iPhone = Release|iPhone
		Ad-Hoc|iPhone = Ad-Hoc|iPhone
		AppStore|iPhone = AppStore|iPhone
	EndGlobalSection
	GlobalSection(ProjectConfigurationPlatforms) = postSolution
		{12448CD5-D860-4C1C-8B9F-139F3794B9BC}.Ad-Hoc|iPhone.ActiveCfg = Release|Any CPU
		{12448CD5-D860-4C1C-8B9F-139F3794B9BC}.Ad-Hoc|iPhone.Build.0 = Release|Any CPU
		{12448CD5-D860-4C1C-8B9F-139F3794B9BC}.AppStore|iPhone.ActiveCfg = Release|Any CPU
		{12448CD5-D860-4C1C-8B9F-139F3794B9BC}.AppStore|iPhone.Build.0 = Release|Any CPU
		{12448CD5-D860-4C1C-8B9F-139F3794B9BC}.Debug|iPhone.ActiveCfg = Debug|Any CPU
		{12448CD5-D860-4C1C-8B9F-139F3794B9BC}.Debug|iPhone.Build.0 = Debug|Any CPU
		{12448CD5-D860-4C1C-8B9F-139F3794B9BC}.Debug|iPhoneSimulator.ActiveCfg = Debug|Any CPU
		{12448CD5-D860-4C1C-8B9F-139F3794B9BC}.Debug|iPhoneSimulator.Build.0 = Debug|Any CPU
		{12448CD5-D860-4C1C-8B9F-139F3794B9BC}.Release|iPhone.ActiveCfg = Release|Any CPU
		{12448CD5-D860-4C1C-8B9F-139F3794B9BC}.Release|iPhone.Build.0 = Release|Any CPU
		{12448CD5-D860-4C1C-8B9F-139F3794B9BC}.Release|iPhoneSimulator.ActiveCfg = Release|Any CPU
		{12448CD5-D860-4C1C-8B9F-139F3794B9BC}.Release|iPhoneSimulator.Build.0 = Release|Any CPU
		{35C106D6-A10E-4DD4-B9CF-AAD658E66A9D}.Ad-Hoc|iPhone.ActiveCfg = Ad-Hoc|iPhone
		{35C106D6-A10E-4DD4-B9CF-AAD658E66A9D}.Ad-Hoc|iPhone.Build.0 = Ad-Hoc|iPhone
		{35C106D6-A10E-4DD4-B9CF-AAD658E66A9D}.AppStore|iPhone.ActiveCfg = AppStore|iPhone
		{35C106D6-A10E-4DD4-B9CF-AAD658E66A9D}.AppStore|iPhone.Build.0 = AppStore|iPhone
		{35C106D6-A10E-4DD4-B9CF-AAD658E66A9D}.Debug|iPhone.ActiveCfg = Debug|iPhone
		{35C106D6-A10E-4DD4-B9CF-AAD658E66A9D}.Debug|iPhone.Build.0 = Debug|iPhone
		{35C106D6-A10E-4DD4-B9CF-AAD658E66A9D}.Debug|iPhoneSimulator.ActiveCfg = Debug|iPhoneSimulator
		{35C106D6-A10E-4DD4-B9CF-AAD658E66A9D}.Debug|iPhoneSimulator.Build.0 = Debug|iPhoneSimulator
		{35C106D6-A10E-4DD4-B9CF-AAD658E66A9D}.Release|iPhone.ActiveCfg = Release|iPhone
		{35C106D6-A10E-4DD4-B9CF-AAD658E66A9D}.Release|iPhone.Build.0 = Release|iPhone
		{35C106D6-A10E-4DD4-B9CF-AAD658E66A9D}.Release|iPhoneSimulator.ActiveCfg = Release|iPhoneSimulator
		{35C106D6-A10E-4DD4-B9CF-AAD658E66A9D}.Release|iPhoneSimulator.Build.0 = Release|iPhoneSimulator
	EndGlobalSection
	GlobalSection(MonoDevelopProperties) = preSolution
		StartupItem = ProductFinder\ProductFinder.csproj
	EndGlobalSection
EndGlobal
